// !$*UTF8*$!
{
	archiveVersion = 1;
	classes = {
	};
	objectVersion = 50;
	objects = {

/* Begin PBXBuildFile section */
		B0158ABC20EEC30200433281 /* AppDelegate.swift in Sources */ = {isa = PBXBuildFile; fileRef = B0158ABB20EEC30200433281 /* AppDelegate.swift */; };
		B0158ABE20EEC30200433281 /* ViewController.swift in Sources */ = {isa = PBXBuildFile; fileRef = B0158ABD20EEC30200433281 /* ViewController.swift */; };
		B0158AC120EEC30200433281 /* Main.storyboard in Resources */ = {isa = PBXBuildFile; fileRef = B0158ABF20EEC30200433281 /* Main.storyboard */; };
		B0158AC320EEC30300433281 /* Assets.xcassets in Resources */ = {isa = PBXBuildFile; fileRef = B0158AC220EEC30300433281 /* Assets.xcassets */; };
		B0158AC620EEC30300433281 /* LaunchScreen.storyboard in Resources */ = {isa = PBXBuildFile; fileRef = B0158AC420EEC30300433281 /* LaunchScreen.storyboard */; };
		B0158AD120EEC30400433281 /* JokesTests.swift in Sources */ = {isa = PBXBuildFile; fileRef = B0158AD020EEC30400433281 /* JokesTests.swift */; };
		B0158ADC20EEC30400433281 /* JokesUITests.swift in Sources */ = {isa = PBXBuildFile; fileRef = B0158ADB20EEC30400433281 /* JokesUITests.swift */; };
/* End PBXBuildFile section */

/* Begin PBXContainerItemProxy section */
		B0158ACD20EEC30300433281 /* PBXContainerItemProxy */ = {
			isa = PBXContainerItemProxy;
			containerPortal = B0158AB020EEC30200433281 /* Project object */;
			proxyType = 1;
			remoteGlobalIDString = B0158AB720EEC30200433281;
			remoteInfo = Jokes;
		};
		B0158AD820EEC30400433281 /* PBXContainerItemProxy */ = {
			isa = PBXContainerItemProxy;
			containerPortal = B0158AB020EEC30200433281 /* Project object */;
			proxyType = 1;
			remoteGlobalIDString = B0158AB720EEC30200433281;
			remoteInfo = Jokes;
		};
/* End PBXContainerItemProxy section */

/* Begin PBXFileReference section */
		B0158AB820EEC30200433281 /* Jokes.app */ = {isa = PBXFileReference; explicitFileType = wrapper.application; includeInIndex = 0; path = Jokes.app; sourceTree = BUILT_PRODUCTS_DIR; };
		B0158ABB20EEC30200433281 /* AppDelegate.swift */ = {isa = PBXFileReference; lastKnownFileType = sourcecode.swift; path = AppDelegate.swift; sourceTree = "<group>"; };
		B0158ABD20EEC30200433281 /* ViewController.swift */ = {isa = PBXFileReference; lastKnownFileType = sourcecode.swift; path = ViewController.swift; sourceTree = "<group>"; };
		B0158AC020EEC30200433281 /* Base */ = {isa = PBXFileReference; lastKnownFileType = file.storyboard; name = Base; path = Base.lproj/Main.storyboard; sourceTree = "<group>"; };
		B0158AC220EEC30300433281 /* Assets.xcassets */ = {isa = PBXFileReference; lastKnownFileType = folder.assetcatalog; path = Assets.xcassets; sourceTree = "<group>"; };
		B0158AC520EEC30300433281 /* Base */ = {isa = PBXFileReference; lastKnownFileType = file.storyboard; name = Base; path = Base.lproj/LaunchScreen.storyboard; sourceTree = "<group>"; };
		B0158AC720EEC30300433281 /* Info.plist */ = {isa = PBXFileReference; lastKnownFileType = text.plist.xml; path = Info.plist; sourceTree = "<group>"; };
		B0158ACC20EEC30300433281 /* JokesTests.xctest */ = {isa = PBXFileReference; explicitFileType = wrapper.cfbundle; includeInIndex = 0; path = JokesTests.xctest; sourceTree = BUILT_PRODUCTS_DIR; };
		B0158AD020EEC30400433281 /* JokesTests.swift */ = {isa = PBXFileReference; lastKnownFileType = sourcecode.swift; path = JokesTests.swift; sourceTree = "<group>"; };
		B0158AD220EEC30400433281 /* Info.plist */ = {isa = PBXFileReference; lastKnownFileType = text.plist.xml; path = Info.plist; sourceTree = "<group>"; };
		B0158AD720EEC30400433281 /* JokesUITests.xctest */ = {isa = PBXFileReference; explicitFileType = wrapper.cfbundle; includeInIndex = 0; path = JokesUITests.xctest; sourceTree = BUILT_PRODUCTS_DIR; };
		B0158ADB20EEC30400433281 /* JokesUITests.swift */ = {isa = PBXFileReference; lastKnownFileType = sourcecode.swift; path = JokesUITests.swift; sourceTree = "<group>"; };
		B0158ADD20EEC30400433281 /* Info.plist */ = {isa = PBXFileReference; lastKnownFileType = text.plist.xml; path = Info.plist; sourceTree = "<group>"; };
/* End PBXFileReference section */

/* Begin PBXFrameworksBuildPhase section */
		B0158AB520EEC30200433281 /* Frameworks */ = {
			isa = PBXFrameworksBuildPhase;
			buildActionMask = 2147483647;
			files = (
			);
			runOnlyForDeploymentPostprocessing = 0;
		};
		B0158AC920EEC30300433281 /* Frameworks */ = {
			isa = PBXFrameworksBuildPhase;
			buildActionMask = 2147483647;
			files = (
			);
			runOnlyForDeploymentPostprocessing = 0;
		};
		B0158AD420EEC30400433281 /* Frameworks */ = {
			isa = PBXFrameworksBuildPhase;
			buildActionMask = 2147483647;
			files = (
			);
			runOnlyForDeploymentPostprocessing = 0;
		};
/* End PBXFrameworksBuildPhase section */

/* Begin PBXGroup section */
		B0158AAF20EEC30100433281 = {
			isa = PBXGroup;
			children = (
				B0158ABA20EEC30200433281 /* Jokes */,
				B0158ACF20EEC30400433281 /* JokesTests */,
				B0158ADA20EEC30400433281 /* JokesUITests */,
				B0158AB920EEC30200433281 /* Products */,
			);
			sourceTree = "<group>";
		};
		B0158AB920EEC30200433281 /* Products */ = {
			isa = PBXGroup;
			children = (
				B0158AB820EEC30200433281 /* Jokes.app */,
				B0158ACC20EEC30300433281 /* JokesTests.xctest */,
				B0158AD720EEC30400433281 /* JokesUITests.xctest */,
			);
			name = Products;
			sourceTree = "<group>";
		};
		B0158ABA20EEC30200433281 /* Jokes */ = {
			isa = PBXGroup;
			children = (
				B0158ABB20EEC30200433281 /* AppDelegate.swift */,
				B0158ABD20EEC30200433281 /* ViewController.swift */,
				B0158ABF20EEC30200433281 /* Main.storyboard */,
				B0158AC220EEC30300433281 /* Assets.xcassets */,
				B0158AC420EEC30300433281 /* LaunchScreen.storyboard */,
				B0158AC720EEC30300433281 /* Info.plist */,
			);
			path = Jokes;
			sourceTree = "<group>";
		};
		B0158ACF20EEC30400433281 /* JokesTests */ = {
			isa = PBXGroup;
			children = (
				B0158AD020EEC30400433281 /* JokesTests.swift */,
				B0158AD220EEC30400433281 /* Info.plist */,
			);
			path = JokesTests;
			sourceTree = "<group>";
		};
		B0158ADA20EEC30400433281 /* JokesUITests */ = {
			isa = PBXGroup;
			children = (
				B0158ADB20EEC30400433281 /* JokesUITests.swift */,
				B0158ADD20EEC30400433281 /* Info.plist */,
			);
			path = JokesUITests;
			sourceTree = "<group>";
		};
/* End PBXGroup section */

/* Begin PBXNativeTarget section */
		B0158AB720EEC30200433281 /* Jokes */ = {
			isa = PBXNativeTarget;
			buildConfigurationList = B0158AE020EEC30400433281 /* Build configuration list for PBXNativeTarget "Jokes" */;
			buildPhases = (
				B0158AB420EEC30200433281 /* Sources */,
				B0158AB520EEC30200433281 /* Frameworks */,
				B0158AB620EEC30200433281 /* Resources */,
			);
			buildRules = (
			);
			dependencies = (
			);
			name = Jokes;
			productName = Jokes;
			productReference = B0158AB820EEC30200433281 /* Jokes.app */;
			productType = "com.apple.product-type.application";
		};
		B0158ACB20EEC30300433281 /* JokesTests */ = {
			isa = PBXNativeTarget;
			buildConfigurationList = B0158AE320EEC30400433281 /* Build configuration list for PBXNativeTarget "JokesTests" */;
			buildPhases = (
				B0158AC820EEC30300433281 /* Sources */,
				B0158AC920EEC30300433281 /* Frameworks */,
				B0158ACA20EEC30300433281 /* Resources */,
			);
			buildRules = (
			);
			dependencies = (
				B0158ACE20EEC30300433281 /* PBXTargetDependency */,
			);
			name = JokesTests;
			productName = JokesTests;
			productReference = B0158ACC20EEC30300433281 /* JokesTests.xctest */;
			productType = "com.apple.product-type.bundle.unit-test";
		};
		B0158AD620EEC30400433281 /* JokesUITests */ = {
			isa = PBXNativeTarget;
			buildConfigurationList = B0158AE620EEC30400433281 /* Build configuration list for PBXNativeTarget "JokesUITests" */;
			buildPhases = (
				B0158AD320EEC30400433281 /* Sources */,
				B0158AD420EEC30400433281 /* Frameworks */,
				B0158AD520EEC30400433281 /* Resources */,
			);
			buildRules = (
			);
			dependencies = (
				B0158AD920EEC30400433281 /* PBXTargetDependency */,
			);
			name = JokesUITests;
			productName = JokesUITests;
			productReference = B0158AD720EEC30400433281 /* JokesUITests.xctest */;
			productType = "com.apple.product-type.bundle.ui-testing";
		};
/* End PBXNativeTarget section */

/* Begin PBXProject section */
		B0158AB020EEC30200433281 /* Project object */ = {
			isa = PBXProject;
			attributes = {
				LastSwiftUpdateCheck = 0940;
				LastUpgradeCheck = 0940;
				ORGANIZATIONNAME = "Thao Doan";
				TargetAttributes = {
					B0158AB720EEC30200433281 = {
						CreatedOnToolsVersion = 9.4.1;
					};
					B0158ACB20EEC30300433281 = {
						CreatedOnToolsVersion = 9.4.1;
						TestTargetID = B0158AB720EEC30200433281;
					};
					B0158AD620EEC30400433281 = {
						CreatedOnToolsVersion = 9.4.1;
						TestTargetID = B0158AB720EEC30200433281;
					};
				};
			};
			buildConfigurationList = B0158AB320EEC30200433281 /* Build configuration list for PBXProject "Jokes" */;
			compatibilityVersion = "Xcode 9.3";
			developmentRegion = en;
			hasScannedForEncodings = 0;
			knownRegions = (
				en,
				Base,
			);
			mainGroup = B0158AAF20EEC30100433281;
			productRefGroup = B0158AB920EEC30200433281 /* Products */;
			projectDirPath = "";
			projectRoot = "";
			targets = (
				B0158AB720EEC30200433281 /* Jokes */,
				B0158ACB20EEC30300433281 /* JokesTests */,
				B0158AD620EEC30400433281 /* JokesUITests */,
			);
		};
/* End PBXProject section */

/* Begin PBXResourcesBuildPhase section */
		B0158AB620EEC30200433281 /* Resources */ = {
			isa = PBXResourcesBuildPhase;
			buildActionMask = 2147483647;
			files = (
				B0158AC620EEC30300433281 /* LaunchScreen.storyboard in Resources */,
				B0158AC320EEC30300433281 /* Assets.xcassets in Resources */,
				B0158AC120EEC30200433281 /* Main.storyboard in Resources */,
			);
			runOnlyForDeploymentPostprocessing = 0;
		};
		B0158ACA20EEC30300433281 /* Resources */ = {
			isa = PBXResourcesBuildPhase;
			buildActionMask = 2147483647;
			files = (
			);
			runOnlyForDeploymentPostprocessing = 0;
		};
		B0158AD520EEC30400433281 /* Resources */ = {
			isa = PBXResourcesBuildPhase;
			buildActionMask = 2147483647;
			files = (
			);
			runOnlyForDeploymentPostprocessing = 0;
		};
/* End PBXResourcesBuildPhase section */

/* Begin PBXSourcesBuildPhase section */
		B0158AB420EEC30200433281 /* Sources */ = {
			isa = PBXSourcesBuildPhase;
			buildActionMask = 2147483647;
			files = (
				B0158ABE20EEC30200433281 /* ViewController.swift in Sources */,
				B0158ABC20EEC30200433281 /* AppDelegate.swift in Sources */,
			);
			runOnlyForDeploymentPostprocessing = 0;
		};
		B0158AC820EEC30300433281 /* Sources */ = {
			isa = PBXSourcesBuildPhase;
			buildActionMask = 2147483647;
			files = (
				B0158AD120EEC30400433281 /* JokesTests.swift in Sources */,
			);
			runOnlyForDeploymentPostprocessing = 0;
		};
		B0158AD320EEC30400433281 /* Sources */ = {
			isa = PBXSourcesBuildPhase;
			buildActionMask = 2147483647;
			files = (
				B0158ADC20EEC30400433281 /* JokesUITests.swift in Sources */,
			);
			runOnlyForDeploymentPostprocessing = 0;
		};
/* End PBXSourcesBuildPhase section */

/* Begin PBXTargetDependency section */
		B0158ACE20EEC30300433281 /* PBXTargetDependency */ = {
			isa = PBXTargetDependency;
			target = B0158AB720EEC30200433281 /* Jokes */;
			targetProxy = B0158ACD20EEC30300433281 /* PBXContainerItemProxy */;
		};
		B0158AD920EEC30400433281 /* PBXTargetDependency */ = {
			isa = PBXTargetDependency;
			target = B0158AB720EEC30200433281 /* Jokes */;
			targetProxy = B0158AD820EEC30400433281 /* PBXContainerItemProxy */;
		};
/* End PBXTargetDependency section */

/* Begin PBXVariantGroup section */
		B0158ABF20EEC30200433281 /* Main.storyboard */ = {
			isa = PBXVariantGroup;
			children = (
				B0158AC020EEC30200433281 /* Base */,
			);
			name = Main.storyboard;
			sourceTree = "<group>";
		};
		B0158AC420EEC30300433281 /* LaunchScreen.storyboard */ = {
			isa = PBXVariantGroup;
			children = (
				B0158AC520EEC30300433281 /* Base */,
			);
			name = LaunchScreen.storyboard;
			sourceTree = "<group>";
		};
/* End PBXVariantGroup section */

/* Begin XCBuildConfiguration section */
		B0158ADE20EEC30400433281 /* Debug */ = {
			isa = XCBuildConfiguration;
			buildSettings = {
				ALWAYS_SEARCH_USER_PATHS = NO;
				CLANG_ANALYZER_NONNULL = YES;
				CLANG_ANALYZER_NUMBER_OBJECT_CONVERSION = YES_AGGRESSIVE;
				CLANG_CXX_LANGUAGE_STANDARD = "gnu++14";
				CLANG_CXX_LIBRARY = "libc++";
				CLANG_ENABLE_MODULES = YES;
				CLANG_ENABLE_OBJC_ARC = YES;
				CLANG_ENABLE_OBJC_WEAK = YES;
				CLANG_WARN_BLOCK_CAPTURE_AUTORELEASING = YES;
				CLANG_WARN_BOOL_CONVERSION = YES;
				CLANG_WARN_COMMA = YES;
				CLANG_WARN_CONSTANT_CONVERSION = YES;
				CLANG_WARN_DEPRECATED_OBJC_IMPLEMENTATIONS = YES;
				CLANG_WARN_DIRECT_OBJC_ISA_USAGE = YES_ERROR;
				CLANG_WARN_DOCUMENTATION_COMMENTS = YES;
				CLANG_WARN_EMPTY_BODY = YES;
				CLANG_WARN_ENUM_CONVERSION = YES;
				CLANG_WARN_INFINITE_RECURSION = YES;
				CLANG_WARN_INT_CONVERSION = YES;
				CLANG_WARN_NON_LITERAL_NULL_CONVERSION = YES;
				CLANG_WARN_OBJC_IMPLICIT_RETAIN_SELF = YES;
				CLANG_WARN_OBJC_LITERAL_CONVERSION = YES;
				CLANG_WARN_OBJC_ROOT_CLASS = YES_ERROR;
				CLANG_WARN_RANGE_LOOP_ANALYSIS = YES;
				CLANG_WARN_STRICT_PROTOTYPES = YES;
				CLANG_WARN_SUSPICIOUS_MOVE = YES;
				CLANG_WARN_UNGUARDED_AVAILABILITY = YES_AGGRESSIVE;
				CLANG_WARN_UNREACHABLE_CODE = YES;
				CLANG_WARN__DUPLICATE_METHOD_MATCH = YES;
				CODE_SIGN_IDENTITY = "iPhone Developer";
				COPY_PHASE_STRIP = NO;
				DEBUG_INFORMATION_FORMAT = dwarf;
				ENABLE_STRICT_OBJC_MSGSEND = YES;
				ENABLE_TESTABILITY = YES;
				GCC_C_LANGUAGE_STANDARD = gnu11;
				GCC_DYNAMIC_NO_PIC = NO;
				GCC_NO_COMMON_BLOCKS = YES;
				GCC_OPTIMIZATION_LEVEL = 0;
				GCC_PREPROCESSOR_DEFINITIONS = (
					"DEBUG=1",
					"$(inherited)",
				);
				GCC_WARN_64_TO_32_BIT_CONVERSION = YES;
				GCC_WARN_ABOUT_RETURN_TYPE = YES_ERROR;
				GCC_WARN_UNDECLARED_SELECTOR = YES;
				GCC_WARN_UNINITIALIZED_AUTOS = YES_AGGRESSIVE;
				GCC_WARN_UNUSED_FUNCTION = YES;
				GCC_WARN_UNUSED_VARIABLE = YES;
				IPHONEOS_DEPLOYMENT_TARGET = 11.4;
				MTL_ENABLE_DEBUG_INFO = YES;
				ONLY_ACTIVE_ARCH = YES;
				SDKROOT = iphoneos;
				SWIFT_ACTIVE_COMPILATION_CONDITIONS = DEBUG;
				SWIFT_OPTIMIZATION_LEVEL = "-Onone";
			};
			name = Debug;
		};
		B0158ADF20EEC30400433281 /* Release */ = {
			isa = XCBuildConfiguration;
			buildSettings = {
				ALWAYS_SEARCH_USER_PATHS = NO;
				CLANG_ANALYZER_NONNULL = YES;
				CLANG_ANALYZER_NUMBER_OBJECT_CONVERSION = YES_AGGRESSIVE;
				CLANG_CXX_LANGUAGE_STANDARD = "gnu++14";
				CLANG_CXX_LIBRARY = "libc++";
				CLANG_ENABLE_MODULES = YES;
				CLANG_ENABLE_OBJC_ARC = YES;
				CLANG_ENABLE_OBJC_WEAK = YES;
				CLANG_WARN_BLOCK_CAPTURE_AUTORELEASING = YES;
				CLANG_WARN_BOOL_CONVERSION = YES;
				CLANG_WARN_COMMA = YES;
				CLANG_WARN_CONSTANT_CONVERSION = YES;
				CLANG_WARN_DEPRECATED_OBJC_IMPLEMENTATIONS = YES;
				CLANG_WARN_DIRECT_OBJC_ISA_USAGE = YES_ERROR;
				CLANG_WARN_DOCUMENTATION_COMMENTS = YES;
				CLANG_WARN_EMPTY_BODY = YES;
				CLANG_WARN_ENUM_CONVERSION = YES;
				CLANG_WARN_INFINITE_RECURSION = YES;
				CLANG_WARN_INT_CONVERSION = YES;
				CLANG_WARN_NON_LITERAL_NULL_CONVERSION = YES;
				CLANG_WARN_OBJC_IMPLICIT_RETAIN_SELF = YES;
				CLANG_WARN_OBJC_LITERAL_CONVERSION = YES;
				CLANG_WARN_OBJC_ROOT_CLASS = YES_ERROR;
				CLANG_WARN_RANGE_LOOP_ANALYSIS = YES;
				CLANG_WARN_STRICT_PROTOTYPES = YES;
				CLANG_WARN_SUSPICIOUS_MOVE = YES;
				CLANG_WARN_UNGUARDED_AVAILABILITY = YES_AGGRESSIVE;
				CLANG_WARN_UNREACHABLE_CODE = YES;
				CLANG_WARN__DUPLICATE_METHOD_MATCH = YES;
				CODE_SIGN_IDENTITY = "iPhone Developer";
				COPY_PHASE_STRIP = NO;
				DEBUG_INFORMATION_FORMAT = "dwarf-with-dsym";
				ENABLE_NS_ASSERTIONS = NO;
				ENABLE_STRICT_OBJC_MSGSEND = YES;
				GCC_C_LANGUAGE_STANDARD = gnu11;
				GCC_NO_COMMON_BLOCKS = YES;
				GCC_WARN_64_TO_32_BIT_CONVERSION = YES;
				GCC_WARN_ABOUT_RETURN_TYPE = YES_ERROR;
				GCC_WARN_UNDECLARED_SELECTOR = YES;
				GCC_WARN_UNINITIALIZED_AUTOS = YES_AGGRESSIVE;
				GCC_WARN_UNUSED_FUNCTION = YES;
				GCC_WARN_UNUSED_VARIABLE = YES;
				IPHONEOS_DEPLOYMENT_TARGET = 11.4;
				MTL_ENABLE_DEBUG_INFO = NO;
				SDKROOT = iphoneos;
				SWIFT_COMPILATION_MODE = wholemodule;
				SWIFT_OPTIMIZATION_LEVEL = "-O";
				VALIDATE_PRODUCT = YES;
			};
			name = Release;
		};
		B0158AE120EEC30400433281 /* Debug */ = {
			isa = XCBuildConfiguration;
			buildSettings = {
				ASSETCATALOG_COMPILER_APPICON_NAME = AppIcon;
				CODE_SIGN_STYLE = Automatic;
				DEVELOPMENT_TEAM = S7CCUH8W47;
				INFOPLIST_FILE = Jokes/Info.plist;
				LD_RUNPATH_SEARCH_PATHS = (
					"$(inherited)",
					"@executable_path/Frameworks",
				);
				PRODUCT_BUNDLE_IDENTIFIER = com.teadoan.Jokes;
				PRODUCT_NAME = "$(TARGET_NAME)";
				SWIFT_VERSION = 4.0;
				TARGETED_DEVICE_FAMILY = "1,2";
			};
			name = Debug;
		};
		B0158AE220EEC30400433281 /* Release */ = {
			isa = XCBuildConfiguration;
			buildSettings = {
				ASSETCATALOG_COMPILER_APPICON_NAME = AppIcon;
				CODE_SIGN_STYLE = Automatic;
				DEVELOPMENT_TEAM = S7CCUH8W47;
				INFOPLIST_FILE = Jokes/Info.plist;
				LD_RUNPATH_SEARCH_PATHS = (
					"$(inherited)",
					"@executable_path/Frameworks",
				);
				PRODUCT_BUNDLE_IDENTIFIER = com.teadoan.Jokes;
				PRODUCT_NAME = "$(TARGET_NAME)";
				SWIFT_VERSION = 4.0;
				TARGETED_DEVICE_FAMILY = "1,2";
			};
			name = Release;
		};
		B0158AE420EEC30400433281 /* Debug */ = {
			isa = XCBuildConfiguration;
			buildSettings = {
				ALWAYS_EMBED_SWIFT_STANDARD_LIBRARIES = YES;
				BUNDLE_LOADER = "$(TEST_HOST)";
				CODE_SIGN_STYLE = Automatic;
				DEVELOPMENT_TEAM = S7CCUH8W47;
				INFOPLIST_FILE = JokesTests/Info.plist;
				LD_RUNPATH_SEARCH_PATHS = (
					"$(inherited)",
					"@executable_path/Frameworks",
					"@loader_path/Frameworks",
				);
				PRODUCT_BUNDLE_IDENTIFIER = com.teadoan.JokesTests;
				PRODUCT_NAME = "$(TARGET_NAME)";
				SWIFT_VERSION = 4.0;
				TARGETED_DEVICE_FAMILY = "1,2";
				TEST_HOST = "$(BUILT_PRODUCTS_DIR)/Jokes.app/Jokes";
			};
			name = Debug;
		};
		B0158AE520EEC30400433281 /* Release */ = {
			isa = XCBuildConfiguration;
			buildSettings = {
				ALWAYS_EMBED_SWIFT_STANDARD_LIBRARIES = YES;
				BUNDLE_LOADER = "$(TEST_HOST)";
				CODE_SIGN_STYLE = Automatic;
				DEVELOPMENT_TEAM = S7CCUH8W47;
				INFOPLIST_FILE = JokesTests/Info.plist;
				LD_RUNPATH_SEARCH_PATHS = (
					"$(inherited)",
					"@executable_path/Frameworks",
					"@loader_path/Frameworks",
				);
				PRODUCT_BUNDLE_IDENTIFIER = com.teadoan.JokesTests;
				PRODUCT_NAME = "$(TARGET_NAME)";
				SWIFT_VERSION = 4.0;
				TARGETED_DEVICE_FAMILY = "1,2";
				TEST_HOST = "$(BUILT_PRODUCTS_DIR)/Jokes.app/Jokes";
			};
			name = Release;
		};
		B0158AE720EEC30400433281 /* Debug */ = {
			isa = XCBuildConfiguration;
			buildSettings = {
				ALWAYS_EMBED_SWIFT_STANDARD_LIBRARIES = YES;
				CODE_SIGN_STYLE = Automatic;
				DEVELOPMENT_TEAM = S7CCUH8W47;
				INFOPLIST_FILE = JokesUITests/Info.plist;
				LD_RUNPATH_SEARCH_PATHS = (
					"$(inherited)",
					"@executable_path/Frameworks",
					"@loader_path/Frameworks",
				);
				PRODUCT_BUNDLE_IDENTIFIER = com.teadoan.JokesUITests;
				PRODUCT_NAME = "$(TARGET_NAME)";
				SWIFT_VERSION = 4.0;
				TARGETED_DEVICE_FAMILY = "1,2";
				TEST_TARGET_NAME = Jokes;
			};
			name = Debug;
		};
		B0158AE820EEC30400433281 /* Release */ = {
			isa = XCBuildConfiguration;
			buildSettings = {
				ALWAYS_EMBED_SWIFT_STANDARD_LIBRARIES = YES;
				CODE_SIGN_STYLE = Automatic;
				DEVELOPMENT_TEAM = S7CCUH8W47;
				INFOPLIST_FILE = JokesUITests/Info.plist;
				LD_RUNPATH_SEARCH_PATHS = (
					"$(inherited)",
					"@executable_path/Frameworks",
					"@loader_path/Frameworks",
				);
				PRODUCT_BUNDLE_IDENTIFIER = com.teadoan.JokesUITests;
				PRODUCT_NAME = "$(TARGET_NAME)";
				SWIFT_VERSION = 4.0;
				TARGETED_DEVICE_FAMILY = "1,2";
				TEST_TARGET_NAME = Jokes;
			};
			name = Release;
		};
/* End XCBuildConfiguration section */

/* Begin XCConfigurationList section */
		B0158AB320EEC30200433281 /* Build configuration list for PBXProject "Jokes" */ = {
			isa = XCConfigurationList;
			buildConfigurations = (
				B0158ADE20EEC30400433281 /* Debug */,
				B0158ADF20EEC30400433281 /* Release */,
			);
			defaultConfigurationIsVisible = 0;
			defaultConfigurationName = Release;
		};
		B0158AE020EEC30400433281 /* Build configuration list for PBXNativeTarget "Jokes" */ = {
			isa = XCConfigurationList;
			buildConfigurations = (
				B0158AE120EEC30400433281 /* Debug */,
				B0158AE220EEC30400433281 /* Release */,
			);
			defaultConfigurationIsVisible = 0;
			defaultConfigurationName = Release;
		};
		B0158AE320EEC30400433281 /* Build configuration list for PBXNativeTarget "JokesTests" */ = {
			isa = XCConfigurationList;
			buildConfigurations = (
				B0158AE420EEC30400433281 /* Debug */,
				B0158AE520EEC30400433281 /* Release */,
			);
			defaultConfigurationIsVisible = 0;
			defaultConfigurationName = Release;
		};
		B0158AE620EEC30400433281 /* Build configuration list for PBXNativeTarget "JokesUITests" */ = {
			isa = XCConfigurationList;
			buildConfigurations = (
				B0158AE720EEC30400433281 /* Debug */,
				B0158AE820EEC30400433281 /* Release */,
			);
			defaultConfigurationIsVisible = 0;
			defaultConfigurationName = Release;
		};
/* End XCConfigurationList section */
	};
	rootObject = B0158AB020EEC30200433281 /* Project object */;
}
